// !$*UTF8*$!
{
	archiveVersion = 1;
	classes = {
	};
	objectVersion = 77;
	objects = {

/* Begin PBXBuildFile section */
		00CD8A9C08C13F42A6624EDB /* SequencerModels.swift in Sources */ = {isa = PBXBuildFile; fileRef = CE8658DEE809F98F0303AC07 /* SequencerModels.swift */; };
		030D70F445C8B64626C87ACB /* LYSynthCore.cpp in Sources */ = {isa = PBXBuildFile; fileRef = 3093988C25143E99CB35645D /* LYSynthCore.cpp */; settings = {COMPILER_FLAGS = "-O3"; }; };
		03F2A270049C0F2561F3DDA7 /* ArrangementView.swift in Sources */ = {isa = PBXBuildFile; fileRef = 7D0C312174AA965DC7872AAE /* ArrangementView.swift */; };
		0CEC7DBA1215E7248215069A /* LYLLTHTheme.swift in Sources */ = {isa = PBXBuildFile; fileRef = F088CDEC96A8952CA5A2AEC8 /* LYLLTHTheme.swift */; };
		1100D2673739C29C697A2403 /* LYScroller.swift in Sources */ = {isa = PBXBuildFile; fileRef = F8138DCA1A91395B53951A82 /* LYScroller.swift */; };
		162682C9152C4F5217FC0D04 /* SynthCoreTests.swift in Sources */ = {isa = PBXBuildFile; fileRef = 1A2F4736A16F53868A4791F0 /* SynthCoreTests.swift */; };
		1683416DF75FA415C6AC32B8 /* Accelerate.framework in Frameworks */ = {isa = PBXBuildFile; fileRef = 36CE37E3FF75BBDC0DF875F2 /* Accelerate.framework */; };
		1EB9AE99B706B7D1C2A6211B /* ReverbModels.swift in Sources */ = {isa = PBXBuildFile; fileRef = 543A005C681BF5D44EE192DB /* ReverbModels.swift */; };
		1F169417CEC23D5306D775ED /* ChannelStripInspector.swift in Sources */ = {isa = PBXBuildFile; fileRef = 513D2E0A410B83980A7B0903 /* ChannelStripInspector.swift */; };
		1F234EB5BBD5FB513736A650 /* NightshapeAudioEngine in Frameworks */ = {isa = PBXBuildFile; productRef = 167D8076867A0FD15A3749D3 /* NightshapeAudioEngine */; };
		2B0E806B86EC35725F476C95 /* LYSynthFXPage.swift in Sources */ = {isa = PBXBuildFile; fileRef = 2B03D44787926C50EA6A06C6 /* LYSynthFXPage.swift */; };
		2D66F4DD8DA2C43A7B698A1A /* CHARGED COMPANIONS.fkit in Resources */ = {isa = PBXBuildFile; fileRef = C18D89386FBB389F94D73831 /* CHARGED COMPANIONS.fkit */; };
		3904B2CD3898D951F670E9ED /* FilterPanelView.swift in Sources */ = {isa = PBXBuildFile; fileRef = 4DE9E66DC6125448D57721A6 /* FilterPanelView.swift */; };
		412158E31F5D815A57A5E577 /* LYSynthInstrument.swift in Sources */ = {isa = PBXBuildFile; fileRef = F9405C470F3A00F3CB1F2855 /* LYSynthInstrument.swift */; };
		426BA90C5EE003358A9D6E10 /* DrumKitSequencerVisuals.swift in Sources */ = {isa = PBXBuildFile; fileRef = 7B5A010271292EDECA656A29 /* DrumKitSequencerVisuals.swift */; };
		43F41B9FECA4D8B43B63D747 /* FXWindowViews.swift in Sources */ = {isa = PBXBuildFile; fileRef = 14EF068925C4572F08ABDF5D /* FXWindowViews.swift */; };
		443C769B4ED7E689BF291AFA /* LYFKit.swift in Sources */ = {isa = PBXBuildFile; fileRef = 05B62481262297A4782ECA7B /* LYFKit.swift */; };
		4E5DD4763D49716F6035C534 /* BusRoutingTests.swift in Sources */ = {isa = PBXBuildFile; fileRef = 67A45FFE78C9215B9D662390 /* BusRoutingTests.swift */; };
		55B23E27BAAC6FC150BBEC20 /* Adam-Bold.ttf in Resources */ = {isa = PBXBuildFile; fileRef = 1703868BDA0F39CBC2D0032D /* Adam-Bold.ttf */; };
		5D4D320FC8AA37F75BCA3B31 /* LYMIDIInput.swift in Sources */ = {isa = PBXBuildFile; fileRef = 03B43134989E942D54830A3A /* LYMIDIInput.swift */; };
		632CEC6A18455A781C28C16B /* Assets.xcassets in Resources */ = {isa = PBXBuildFile; fileRef = A3622C427AB836F95F83FB66 /* Assets.xcassets */; };
		65C17AB3FAC85EBFA6A6433C /* FXWindowHost.swift in Sources */ = {isa = PBXBuildFile; fileRef = 05C3A9FF391869346BFAFED1 /* FXWindowHost.swift */; };
		67DE335921D0A0627510E076 /* LYSynthPages.swift in Sources */ = {isa = PBXBuildFile; fileRef = BE654E905CE837E5445AB214 /* LYSynthPages.swift */; };
		68C4C8D21F4B9B47B08ECBFD /* NIGHT ENGINE.fkit in Resources */ = {isa = PBXBuildFile; fileRef = BE0DDECEF61386FEDB7B39EC /* NIGHT ENGINE.fkit */; };
		6E98A0974A6201257826EF93 /* Adam-Light.ttf in Resources */ = {isa = PBXBuildFile; fileRef = DD2467CDCE9B421E3430FFFE /* Adam-Light.ttf */; };
		6F3A38A7891F6397397D6048 /* WorkspaceView.swift in Sources */ = {isa = PBXBuildFile; fileRef = D58289C4D0CEE2BB6D1E5268 /* WorkspaceView.swift */; };
		71DD0860BC3BEA2D486A2662 /* LYSynthPatch.swift in Sources */ = {isa = PBXBuildFile; fileRef = 6EFD5B0EE63778A738F5BBAA /* LYSynthPatch.swift */; };
		7759F7B9F7F7186B3C840682 /* LUNATKTests.swift in Sources */ = {isa = PBXBuildFile; fileRef = 84AE0F65DFC17746EDC090A3 /* LUNATKTests.swift */; };
		7AAEF9D68A52E5362904BFAA /* LYSynthControls.swift in Sources */ = {isa = PBXBuildFile; fileRef = 5EC8025D09EE241120C506F1 /* LYSynthControls.swift */; };
		7D1C76365E9E32FC85F2E8CD /* LYDrumSounds.swift in Sources */ = {isa = PBXBuildFile; fileRef = 6917A8C3DCB7971E1B412205 /* LYDrumSounds.swift */; };
		7DF88DF9F126EE98522AAD31 /* AudioUnitCatalog.swift in Sources */ = {isa = PBXBuildFile; fileRef = 90BF7073365CA38A142C3FA5 /* AudioUnitCatalog.swift */; };
		8294D8BFBBA557ED35152BE3 /* TimelinePlayback.swift in Sources */ = {isa = PBXBuildFile; fileRef = 67535C49D147B10E190ACCD8 /* TimelinePlayback.swift */; };
		865DADC7F42A9E3484ABCDAD /* LYLLTHApp.swift in Sources */ = {isa = PBXBuildFile; fileRef = CDF2943D40AB3BDEC33CF4EC /* LYLLTHApp.swift */; };
		86D4A6B8E2C1420D201CD70E /* NIGHTSHAPE-Bold_Outline.ttf in Resources */ = {isa = PBXBuildFile; fileRef = BC198D92CC6F7136CA216A6C /* NIGHTSHAPE-Bold_Outline.ttf */; };
		8CEA08B2D479F0190698CA5C /* LYSynthEditor.swift in Sources */ = {isa = PBXBuildFile; fileRef = 8E8249E5B5CE85685DDD1A42 /* LYSynthEditor.swift */; };
		8FD0114398BD1F462E32E0FF /* EQEditOverlayView.swift in Sources */ = {isa = PBXBuildFile; fileRef = 267002A7921D5C68E2885A20 /* EQEditOverlayView.swift */; };
		9AB195A56B1DC6168799741C /* LYSynthLibrary.swift in Sources */ = {isa = PBXBuildFile; fileRef = 5A289B564195B5876C2AEE5D /* LYSynthLibrary.swift */; };
		9CEC9247F9086363A88353A1 /* LYWavetableEditor.swift in Sources */ = {isa = PBXBuildFile; fileRef = 0618CFBCAE4DFCA5D4BA204B /* LYWavetableEditor.swift */; };
		A3B2C9A6D7CCF44DEE0683CB /* Nightshape-Bold.ttf in Resources */ = {isa = PBXBuildFile; fileRef = 6DA38B4ADC0D30D3DE76127B /* Nightshape-Bold.ttf */; };
		A72727F891A861CF9EBE3149 /* FXRack.swift in Sources */ = {isa = PBXBuildFile; fileRef = F548D526F8DC778B1DCD460A /* FXRack.swift */; };
		AB673A7B503D67D52EEC2E24 /* DrumKitRootShims.swift in Sources */ = {isa = PBXBuildFile; fileRef = 8D0D01CA5DFBABAF7CB19114 /* DrumKitRootShims.swift */; };
		B1123646A4225427ECE8197B /* CompressorWindowView.swift in Sources */ = {isa = PBXBuildFile; fileRef = 2B60B660A74B0473F5FCECCF /* CompressorWindowView.swift */; };
		B63626ABA24F747B3810394F /* LYSynthVisuals.swift in Sources */ = {isa = PBXBuildFile; fileRef = CDD4ACCE1DB809DEB2FD7914 /* LYSynthVisuals.swift */; };
		B7937CF1156F2D4D5449C232 /* CompressorModels.swift in Sources */ = {isa = PBXBuildFile; fileRef = 53DEFCF4361EE40F8F34E692 /* CompressorModels.swift */; };
		B992E98617D36BDD7C5942BE /* FXWindowsMore.swift in Sources */ = {isa = PBXBuildFile; fileRef = 1BB13BE327985FF3958F073F /* FXWindowsMore.swift */; };
		BEDFD504AE4AD5C9E2F9D00E /* SessionDocumentTests.swift in Sources */ = {isa = PBXBuildFile; fileRef = CE3FA7ECEAC4BEB50EA59EBB /* SessionDocumentTests.swift */; };
		BEF12851075EA3C677715CCD /* NightshapeTheme+macOS.swift in Sources */ = {isa = PBXBuildFile; fileRef = 2076405DA45D97F6974188B2 /* NightshapeTheme+macOS.swift */; };
		C5FC2050CF73E1D9599F3518 /* AudioEngineController.swift in Sources */ = {isa = PBXBuildFile; fileRef = EC518B98C5E542E07745D166 /* AudioEngineController.swift */; };
		C619A497E1A0A6EEAEC62A38 /* SessionModels.swift in Sources */ = {isa = PBXBuildFile; fileRef = 5D2710D240A4FA97144EC0A9 /* SessionModels.swift */; };
		C9669E21D8851AEC280A6749 /* DrumSoundBrowser.swift in Sources */ = {isa = PBXBuildFile; fileRef = 24183797B508D69982E65468 /* DrumSoundBrowser.swift */; };
		CE3B4B50242937A2DCF7A2C6 /* TransportDisplayState.swift in Sources */ = {isa = PBXBuildFile; fileRef = 3BF85EAD4DB1AAE6788D582A /* TransportDisplayState.swift */; };
		DA3AB96313DF53330ACB9F02 /* ZipArchiveWriter.swift in Sources */ = {isa = PBXBuildFile; fileRef = 60D7E4EBAA99B89AB4C6C272 /* ZipArchiveWriter.swift */; };
		DF259391AE2D20D1A6B9B323 /* Adam-Medium.ttf in Resources */ = {isa = PBXBuildFile; fileRef = DFAB0361C23B88BFF6CA3B3F /* Adam-Medium.ttf */; };
		DFCE1678A800ACE606F90D11 /* FKitTests.swift in Sources */ = {isa = PBXBuildFile; fileRef = 6F6FDEB2771DB26C743DA3A2 /* FKitTests.swift */; };
		E239CC267EFBF4CF608C5B32 /* ZipArchiveReader.swift in Sources */ = {isa = PBXBuildFile; fileRef = 6F5EDEEECA0B5AF0315DC28E /* ZipArchiveReader.swift */; };
		E6AFE555883CC0E0E74FA6D0 /* SignalBloomModels.swift in Sources */ = {isa = PBXBuildFile; fileRef = E67BF43BB0AB1DE22EEB35A8 /* SignalBloomModels.swift */; };
		ECA8EDA23F1164FC2719CA0C /* FontRegistrar.swift in Sources */ = {isa = PBXBuildFile; fileRef = 8D80641FB01504BDFF2D6E83 /* FontRegistrar.swift */; };
		EFD5BBF99458A4F73ACC3359 /* SynthFeatureTests.swift in Sources */ = {isa = PBXBuildFile; fileRef = 1A1922DA06A54E7620D26B2E /* SynthFeatureTests.swift */; };
		F2182A2AF3D1917E59FE6119 /* ParameterResetTap.swift in Sources */ = {isa = PBXBuildFile; fileRef = 08B80E1422DCC935BC5E59E1 /* ParameterResetTap.swift */; };
		F2B1793B2708C9009DAE7244 /* ExperimentalFXNavigation.swift in Sources */ = {isa = PBXBuildFile; fileRef = C0673CFA15F6912BAF84B725 /* ExperimentalFXNavigation.swift */; };
		F3072584030C31119C4860C6 /* LYLLTHSessionDocument.swift in Sources */ = {isa = PBXBuildFile; fileRef = D3CD09BD4ADFFEC5E0ADF896 /* LYLLTHSessionDocument.swift */; };
		F3B64D71CED48EEFD02691B4 /* LYRecorder.swift in Sources */ = {isa = PBXBuildFile; fileRef = 16D07685D250C91B37E5CD8F /* LYRecorder.swift */; };
		F5073A5322475A1DCD36C06D /* LYBounce.swift in Sources */ = {isa = PBXBuildFile; fileRef = 26A43024412B8FC79FFECBA7 /* LYBounce.swift */; };
/* End PBXBuildFile section */

/* Begin PBXContainerItemProxy section */
		FDFEA3E4D80AEE38DA1ABCEE /* PBXContainerItemProxy */ = {
			isa = PBXContainerItemProxy;
			containerPortal = C7C43796E74D4EA3417CDB36 /* Project object */;
			proxyType = 1;
			remoteGlobalIDString = 26929814AE213AE5513C6D36;
			remoteInfo = LYLLTH;
		};
/* End PBXContainerItemProxy section */

/* Begin PBXFileReference section */
		03B43134989E942D54830A3A /* LYMIDIInput.swift */ = {isa = PBXFileReference; lastKnownFileType = sourcecode.swift; path = LYMIDIInput.swift; sourceTree = "<group>"; };
		05B62481262297A4782ECA7B /* LYFKit.swift */ = {isa = PBXFileReference; lastKnownFileType = sourcecode.swift; path = LYFKit.swift; sourceTree = "<group>"; };
		05C3A9FF391869346BFAFED1 /* FXWindowHost.swift */ = {isa = PBXFileReference; lastKnownFileType = sourcecode.swift; path = FXWindowHost.swift; sourceTree = "<group>"; };
		0618CFBCAE4DFCA5D4BA204B /* LYWavetableEditor.swift */ = {isa = PBXFileReference; lastKnownFileType = sourcecode.swift; path = LYWavetableEditor.swift; sourceTree = "<group>"; };
		08B80E1422DCC935BC5E59E1 /* ParameterResetTap.swift */ = {isa = PBXFileReference; lastKnownFileType = sourcecode.swift; name = ParameterResetTap.swift; path = "../nightshape-drumkit-ios/Views/Components/ParameterResetTap.swift"; sourceTree = "<group>"; };
		0C99A40AA929337CAB108FFD /* LYSynthCore.h */ = {isa = PBXFileReference; lastKnownFileType = sourcecode.c.h; path = LYSynthCore.h; sourceTree = "<group>"; };
		14EF068925C4572F08ABDF5D /* FXWindowViews.swift */ = {isa = PBXFileReference; lastKnownFileType = sourcecode.swift; name = FXWindowViews.swift; path = "../nightshape-drumkit-ios/Views/Components/FXWindowViews.swift"; sourceTree = "<group>"; };
		16D07685D250C91B37E5CD8F /* LYRecorder.swift */ = {isa = PBXFileReference; lastKnownFileType = sourcecode.swift; path = LYRecorder.swift; sourceTree = "<group>"; };
		1703868BDA0F39CBC2D0032D /* Adam-Bold.ttf */ = {isa = PBXFileReference; lastKnownFileType = file; path = "Adam-Bold.ttf"; sourceTree = "<group>"; };
		1A1922DA06A54E7620D26B2E /* SynthFeatureTests.swift */ = {isa = PBXFileReference; lastKnownFileType = sourcecode.swift; path = SynthFeatureTests.swift; sourceTree = "<group>"; };
		1A2F4736A16F53868A4791F0 /* SynthCoreTests.swift */ = {isa = PBXFileReference; lastKnownFileType = sourcecode.swift; path = SynthCoreTests.swift; sourceTree = "<group>"; };
		1BB13BE327985FF3958F073F /* FXWindowsMore.swift */ = {isa = PBXFileReference; lastKnownFileType = sourcecode.swift; name = FXWindowsMore.swift; path = "../nightshape-drumkit-ios/Views/Components/FXWindowsMore.swift"; sourceTree = "<group>"; };
		1F14758F6049E1F10613908E /* Info.plist */ = {isa = PBXFileReference; lastKnownFileType = text.plist; path = Info.plist; sourceTree = "<group>"; };
		2076405DA45D97F6974188B2 /* NightshapeTheme+macOS.swift */ = {isa = PBXFileReference; lastKnownFileType = sourcecode.swift; path = "NightshapeTheme+macOS.swift"; sourceTree = "<group>"; };
		24183797B508D69982E65468 /* DrumSoundBrowser.swift */ = {isa = PBXFileReference; lastKnownFileType = sourcecode.swift; path = DrumSoundBrowser.swift; sourceTree = "<group>"; };
		267002A7921D5C68E2885A20 /* EQEditOverlayView.swift */ = {isa = PBXFileReference; lastKnownFileType = sourcecode.swift; name = EQEditOverlayView.swift; path = "../nightshape-drumkit-ios/Views/Components/EQEditOverlayView.swift"; sourceTree = "<group>"; };
		26A43024412B8FC79FFECBA7 /* LYBounce.swift */ = {isa = PBXFileReference; lastKnownFileType = sourcecode.swift; path = LYBounce.swift; sourceTree = "<group>"; };
		2B03D44787926C50EA6A06C6 /* LYSynthFXPage.swift */ = {isa = PBXFileReference; lastKnownFileType = sourcecode.swift; path = LYSynthFXPage.swift; sourceTree = "<group>"; };
		2B60B660A74B0473F5FCECCF /* CompressorWindowView.swift */ = {isa = PBXFileReference; lastKnownFileType = sourcecode.swift; name = CompressorWindowView.swift; path = "../nightshape-drumkit-ios/Views/Components/CompressorWindowView.swift"; sourceTree = "<group>"; };
		3093988C25143E99CB35645D /* LYSynthCore.cpp */ = {isa = PBXFileReference; lastKnownFileType = sourcecode.cpp.cpp; path = LYSynthCore.cpp; sourceTree = "<group>"; };
		35CE53FE7A1928E34EFCCC92 /* LYLLTH.app */ = {isa = PBXFileReference; explicitFileType = wrapper.application; includeInIndex = 0; path = LYLLTH.app; sourceTree = BUILT_PRODUCTS_DIR; };
		36CE37E3FF75BBDC0DF875F2 /* Accelerate.framework */ = {isa = PBXFileReference; lastKnownFileType = wrapper.framework; name = Accelerate.framework; path = System/Library/Frameworks/Accelerate.framework; sourceTree = SDKROOT; };
		3BF85EAD4DB1AAE6788D582A /* TransportDisplayState.swift */ = {isa = PBXFileReference; lastKnownFileType = sourcecode.swift; path = TransportDisplayState.swift; sourceTree = "<group>"; };
		4DE9E66DC6125448D57721A6 /* FilterPanelView.swift */ = {isa = PBXFileReference; lastKnownFileType = sourcecode.swift; name = FilterPanelView.swift; path = "../nightshape-drumkit-ios/Views/Components/FilterPanelView.swift"; sourceTree = "<group>"; };
		513D2E0A410B83980A7B0903 /* ChannelStripInspector.swift */ = {isa = PBXFileReference; lastKnownFileType = sourcecode.swift; path = ChannelStripInspector.swift; sourceTree = "<group>"; };
		53DEFCF4361EE40F8F34E692 /* CompressorModels.swift */ = {isa = PBXFileReference; lastKnownFileType = sourcecode.swift; name = CompressorModels.swift; path = "../nightshape-drumkit-ios/Models/CompressorModels.swift"; sourceTree = "<group>"; };
		543A005C681BF5D44EE192DB /* ReverbModels.swift */ = {isa = PBXFileReference; lastKnownFileType = sourcecode.swift; name = ReverbModels.swift; path = "../nightshape-drumkit-ios/Models/ReverbModels.swift"; sourceTree = "<group>"; };
		5A289B564195B5876C2AEE5D /* LYSynthLibrary.swift */ = {isa = PBXFileReference; lastKnownFileType = sourcecode.swift; path = LYSynthLibrary.swift; sourceTree = "<group>"; };
		5D2710D240A4FA97144EC0A9 /* SessionModels.swift */ = {isa = PBXFileReference; lastKnownFileType = sourcecode.swift; path = SessionModels.swift; sourceTree = "<group>"; };
		5EC8025D09EE241120C506F1 /* LYSynthControls.swift */ = {isa = PBXFileReference; lastKnownFileType = sourcecode.swift; path = LYSynthControls.swift; sourceTree = "<group>"; };
		60D7E4EBAA99B89AB4C6C272 /* ZipArchiveWriter.swift */ = {isa = PBXFileReference; lastKnownFileType = sourcecode.swift; name = ZipArchiveWriter.swift; path = "../nightshape-drumkit-ios/Services/ZipArchiveWriter.swift"; sourceTree = "<group>"; };
		66DDC1CD43034C66B7DEB682 /* LYLLTH-Bridging-Header.h */ = {isa = PBXFileReference; lastKnownFileType = sourcecode.c.h; path = "LYLLTH-Bridging-Header.h"; sourceTree = "<group>"; };
		67535C49D147B10E190ACCD8 /* TimelinePlayback.swift */ = {isa = PBXFileReference; lastKnownFileType = sourcecode.swift; path = TimelinePlayback.swift; sourceTree = "<group>"; };
		67A45FFE78C9215B9D662390 /* BusRoutingTests.swift */ = {isa = PBXFileReference; lastKnownFileType = sourcecode.swift; path = BusRoutingTests.swift; sourceTree = "<group>"; };
		6917A8C3DCB7971E1B412205 /* LYDrumSounds.swift */ = {isa = PBXFileReference; lastKnownFileType = sourcecode.swift; path = LYDrumSounds.swift; sourceTree = "<group>"; };
		6DA38B4ADC0D30D3DE76127B /* Nightshape-Bold.ttf */ = {isa = PBXFileReference; lastKnownFileType = file; path = "Nightshape-Bold.ttf"; sourceTree = "<group>"; };
		6EFD5B0EE63778A738F5BBAA /* LYSynthPatch.swift */ = {isa = PBXFileReference; lastKnownFileType = sourcecode.swift; path = LYSynthPatch.swift; sourceTree = "<group>"; };
		6F5EDEEECA0B5AF0315DC28E /* ZipArchiveReader.swift */ = {isa = PBXFileReference; lastKnownFileType = sourcecode.swift; name = ZipArchiveReader.swift; path = "../nightshape-drumkit-ios/Services/ZipArchiveReader.swift"; sourceTree = "<group>"; };
		6F6FDEB2771DB26C743DA3A2 /* FKitTests.swift */ = {isa = PBXFileReference; lastKnownFileType = sourcecode.swift; path = FKitTests.swift; sourceTree = "<group>"; };
		7B5A010271292EDECA656A29 /* DrumKitSequencerVisuals.swift */ = {isa = PBXFileReference; lastKnownFileType = sourcecode.swift; path = DrumKitSequencerVisuals.swift; sourceTree = "<group>"; };
		7D0C312174AA965DC7872AAE /* ArrangementView.swift */ = {isa = PBXFileReference; lastKnownFileType = sourcecode.swift; path = ArrangementView.swift; sourceTree = "<group>"; };
		84AE0F65DFC17746EDC090A3 /* LUNATKTests.swift */ = {isa = PBXFileReference; lastKnownFileType = sourcecode.swift; path = LUNATKTests.swift; sourceTree = "<group>"; };
		8D0D01CA5DFBABAF7CB19114 /* DrumKitRootShims.swift */ = {isa = PBXFileReference; lastKnownFileType = sourcecode.swift; path = DrumKitRootShims.swift; sourceTree = "<group>"; };
		8D80641FB01504BDFF2D6E83 /* FontRegistrar.swift */ = {isa = PBXFileReference; lastKnownFileType = sourcecode.swift; path = FontRegistrar.swift; sourceTree = "<group>"; };
		8E8249E5B5CE85685DDD1A42 /* LYSynthEditor.swift */ = {isa = PBXFileReference; lastKnownFileType = sourcecode.swift; path = LYSynthEditor.swift; sourceTree = "<group>"; };
		90BF7073365CA38A142C3FA5 /* AudioUnitCatalog.swift */ = {isa = PBXFileReference; lastKnownFileType = sourcecode.swift; path = AudioUnitCatalog.swift; sourceTree = "<group>"; };
		960F211F505A6A045668116C /* LYLLTHTests.xctest */ = {isa = PBXFileReference; explicitFileType = wrapper.cfbundle; includeInIndex = 0; path = LYLLTHTests.xctest; sourceTree = BUILT_PRODUCTS_DIR; };
		A1957573B0E550787521E811 /* LYLLTH.entitlements */ = {isa = PBXFileReference; lastKnownFileType = text.plist.entitlements; path = LYLLTH.entitlements; sourceTree = "<group>"; };
		A3622C427AB836F95F83FB66 /* Assets.xcassets */ = {isa = PBXFileReference; lastKnownFileType = folder.assetcatalog; path = Assets.xcassets; sourceTree = "<group>"; };
		BC198D92CC6F7136CA216A6C /* NIGHTSHAPE-Bold_Outline.ttf */ = {isa = PBXFileReference; lastKnownFileType = file; path = "NIGHTSHAPE-Bold_Outline.ttf"; sourceTree = "<group>"; };
		BE0DDECEF61386FEDB7B39EC /* NIGHT ENGINE.fkit */ = {isa = PBXFileReference; path = "NIGHT ENGINE.fkit"; sourceTree = "<group>"; };
		BE654E905CE837E5445AB214 /* LYSynthPages.swift */ = {isa = PBXFileReference; lastKnownFileType = sourcecode.swift; path = LYSynthPages.swift; sourceTree = "<group>"; };
		C0673CFA15F6912BAF84B725 /* ExperimentalFXNavigation.swift */ = {isa = PBXFileReference; lastKnownFileType = sourcecode.swift; name = ExperimentalFXNavigation.swift; path = "../nightshape-drumkit-ios/Views/Components/ExperimentalFXNavigation.swift"; sourceTree = "<group>"; };
		C18D89386FBB389F94D73831 /* CHARGED COMPANIONS.fkit */ = {isa = PBXFileReference; path = "CHARGED COMPANIONS.fkit"; sourceTree = "<group>"; };
		CDD4ACCE1DB809DEB2FD7914 /* LYSynthVisuals.swift */ = {isa = PBXFileReference; lastKnownFileType = sourcecode.swift; path = LYSynthVisuals.swift; sourceTree = "<group>"; };
		CDF2943D40AB3BDEC33CF4EC /* LYLLTHApp.swift */ = {isa = PBXFileReference; lastKnownFileType = sourcecode.swift; path = LYLLTHApp.swift; sourceTree = "<group>"; };
		CE3FA7ECEAC4BEB50EA59EBB /* SessionDocumentTests.swift */ = {isa = PBXFileReference; lastKnownFileType = sourcecode.swift; path = SessionDocumentTests.swift; sourceTree = "<group>"; };
		CE8658DEE809F98F0303AC07 /* SequencerModels.swift */ = {isa = PBXFileReference; lastKnownFileType = sourcecode.swift; name = SequencerModels.swift; path = "../nightshape-drumkit-ios/Models/SequencerModels.swift"; sourceTree = "<group>"; };
		D3CD09BD4ADFFEC5E0ADF896 /* LYLLTHSessionDocument.swift */ = {isa = PBXFileReference; lastKnownFileType = sourcecode.swift; path = LYLLTHSessionDocument.swift; sourceTree = "<group>"; };
		D58289C4D0CEE2BB6D1E5268 /* WorkspaceView.swift */ = {isa = PBXFileReference; lastKnownFileType = sourcecode.swift; path = WorkspaceView.swift; sourceTree = "<group>"; };
		DD2467CDCE9B421E3430FFFE /* Adam-Light.ttf */ = {isa = PBXFileReference; lastKnownFileType = file; path = "Adam-Light.ttf"; sourceTree = "<group>"; };
		DEAA1E35780E10604349C74F /* NightshapeAudioEngine */ = {isa = PBXFileReference; lastKnownFileType = folder; name = NightshapeAudioEngine; path = "../nightshape-drumkit-ios/NightshapeAudioEngine"; sourceTree = SOURCE_ROOT; };
		DFAB0361C23B88BFF6CA3B3F /* Adam-Medium.ttf */ = {isa = PBXFileReference; lastKnownFileType = file; path = "Adam-Medium.ttf"; sourceTree = "<group>"; };
		E67BF43BB0AB1DE22EEB35A8 /* SignalBloomModels.swift */ = {isa = PBXFileReference; lastKnownFileType = sourcecode.swift; name = SignalBloomModels.swift; path = "../nightshape-drumkit-ios/Models/SignalBloomModels.swift"; sourceTree = "<group>"; };
		EC518B98C5E542E07745D166 /* AudioEngineController.swift */ = {isa = PBXFileReference; lastKnownFileType = sourcecode.swift; path = AudioEngineController.swift; sourceTree = "<group>"; };
		F088CDEC96A8952CA5A2AEC8 /* LYLLTHTheme.swift */ = {isa = PBXFileReference; lastKnownFileType = sourcecode.swift; path = LYLLTHTheme.swift; sourceTree = "<group>"; };
		F548D526F8DC778B1DCD460A /* FXRack.swift */ = {isa = PBXFileReference; lastKnownFileType = sourcecode.swift; path = FXRack.swift; sourceTree = "<group>"; };
		F8138DCA1A91395B53951A82 /* LYScroller.swift */ = {isa = PBXFileReference; lastKnownFileType = sourcecode.swift; path = LYScroller.swift; sourceTree = "<group>"; };
		F9405C470F3A00F3CB1F2855 /* LYSynthInstrument.swift */ = {isa = PBXFileReference; lastKnownFileType = sourcecode.swift; path = LYSynthInstrument.swift; sourceTree = "<group>"; };
		FE62624DC1072EDB75314783 /* LYSynthFX.hpp */ = {isa = PBXFileReference; lastKnownFileType = sourcecode.cpp.h; path = LYSynthFX.hpp; sourceTree = "<group>"; };
/* End PBXFileReference section */

/* Begin PBXFrameworksBuildPhase section */
		CDE0433D07E39ED6E444AE9D /* Frameworks */ = {
			isa = PBXFrameworksBuildPhase;
			buildActionMask = 2147483647;
			files = (
				1F234EB5BBD5FB513736A650 /* NightshapeAudioEngine in Frameworks */,
				1683416DF75FA415C6AC32B8 /* Accelerate.framework in Frameworks */,
			);
			runOnlyForDeploymentPostprocessing = 0;
		};
/* End PBXFrameworksBuildPhase section */

/* Begin PBXGroup section */
		0C739C76EDCA56F1942BF238 /* SynthCore */ = {
			isa = PBXGroup;
			children = (
				66DDC1CD43034C66B7DEB682 /* LYLLTH-Bridging-Header.h */,
				3093988C25143E99CB35645D /* LYSynthCore.cpp */,
				0C99A40AA929337CAB108FFD /* LYSynthCore.h */,
				FE62624DC1072EDB75314783 /* LYSynthFX.hpp */,
			);
			path = SynthCore;
			sourceTree = "<group>";
		};
		0E7EF4FA1A9AE3442B86B6DD /* Products */ = {
			isa = PBXGroup;
			children = (
				35CE53FE7A1928E34EFCCC92 /* LYLLTH.app */,
				960F211F505A6A045668116C /* LYLLTHTests.xctest */,
			);
			name = Products;
			sourceTree = "<group>";
		};
		1EB24E43F1D3318DFC2B9D89 /* DrumKitShared */ = {
			isa = PBXGroup;
			children = (
				53DEFCF4361EE40F8F34E692 /* CompressorModels.swift */,
				2B60B660A74B0473F5FCECCF /* CompressorWindowView.swift */,
				267002A7921D5C68E2885A20 /* EQEditOverlayView.swift */,
				C0673CFA15F6912BAF84B725 /* ExperimentalFXNavigation.swift */,
				4DE9E66DC6125448D57721A6 /* FilterPanelView.swift */,
				1BB13BE327985FF3958F073F /* FXWindowsMore.swift */,
				14EF068925C4572F08ABDF5D /* FXWindowViews.swift */,
				08B80E1422DCC935BC5E59E1 /* ParameterResetTap.swift */,
				543A005C681BF5D44EE192DB /* ReverbModels.swift */,
				CE8658DEE809F98F0303AC07 /* SequencerModels.swift */,
				E67BF43BB0AB1DE22EEB35A8 /* SignalBloomModels.swift */,
				6F5EDEEECA0B5AF0315DC28E /* ZipArchiveReader.swift */,
				60D7E4EBAA99B89AB4C6C272 /* ZipArchiveWriter.swift */,
			);
			name = DrumKitShared;
			sourceTree = "<group>";
		};
		297C287AF96441E0A0F9CFA4 /* Fixtures */ = {
			isa = PBXGroup;
			children = (
				C18D89386FBB389F94D73831 /* CHARGED COMPANIONS.fkit */,
				BE0DDECEF61386FEDB7B39EC /* NIGHT ENGINE.fkit */,
			);
			path = Fixtures;
			sourceTree = "<group>";
		};
		316CA0BA6DF09C2F108155C1 = {
			isa = PBXGroup;
			children = (
				1EB24E43F1D3318DFC2B9D89 /* DrumKitShared */,
				E5608A2A3E1F97D7BA44E634 /* LYLLTH */,
				9385064ED7CD067273BE87BA /* LYLLTHTests */,
				550C88F7AC5A0D3C95881789 /* Packages */,
				CE843C85D8E69D70D9453B60 /* Frameworks */,
				0E7EF4FA1A9AE3442B86B6DD /* Products */,
			);
			sourceTree = "<group>";
		};
		550C88F7AC5A0D3C95881789 /* Packages */ = {
			isa = PBXGroup;
			children = (
				DEAA1E35780E10604349C74F /* NightshapeAudioEngine */,
			);
			name = Packages;
			sourceTree = "<group>";
		};
		6EABB5D49C503BD1666E4A91 /* Models */ = {
			isa = PBXGroup;
			children = (
				05B62481262297A4782ECA7B /* LYFKit.swift */,
				D3CD09BD4ADFFEC5E0ADF896 /* LYLLTHSessionDocument.swift */,
				5D2710D240A4FA97144EC0A9 /* SessionModels.swift */,
			);
			path = Models;
			sourceTree = "<group>";
		};
		7402BCD1B764205FCAF83860 /* Fonts */ = {
			isa = PBXGroup;
			children = (
				1703868BDA0F39CBC2D0032D /* Adam-Bold.ttf */,
				DD2467CDCE9B421E3430FFFE /* Adam-Light.ttf */,
				DFAB0361C23B88BFF6CA3B3F /* Adam-Medium.ttf */,
				BC198D92CC6F7136CA216A6C /* NIGHTSHAPE-Bold_Outline.ttf */,
				6DA38B4ADC0D30D3DE76127B /* Nightshape-Bold.ttf */,
			);
			path = Fonts;
			sourceTree = "<group>";
		};
		9385064ED7CD067273BE87BA /* LYLLTHTests */ = {
			isa = PBXGroup;
			children = (
				67A45FFE78C9215B9D662390 /* BusRoutingTests.swift */,
				6F6FDEB2771DB26C743DA3A2 /* FKitTests.swift */,
				84AE0F65DFC17746EDC090A3 /* LUNATKTests.swift */,
				CE3FA7ECEAC4BEB50EA59EBB /* SessionDocumentTests.swift */,
				1A2F4736A16F53868A4791F0 /* SynthCoreTests.swift */,
				1A1922DA06A54E7620D26B2E /* SynthFeatureTests.swift */,
				297C287AF96441E0A0F9CFA4 /* Fixtures */,
			);
			path = LYLLTHTests;
			sourceTree = "<group>";
		};
		A43D261B3252B9EC7CE2F875 /* Resources */ = {
			isa = PBXGroup;
			children = (
				7402BCD1B764205FCAF83860 /* Fonts */,
			);
			path = Resources;
			sourceTree = "<group>";
		};
		C16D0DEE10F19F705FDF7C1B /* DrumKitShared */ = {
			isa = PBXGroup;
			children = (
				8D0D01CA5DFBABAF7CB19114 /* DrumKitRootShims.swift */,
				2076405DA45D97F6974188B2 /* NightshapeTheme+macOS.swift */,
				3BF85EAD4DB1AAE6788D582A /* TransportDisplayState.swift */,
			);
			path = DrumKitShared;
			sourceTree = "<group>";
		};
		CE843C85D8E69D70D9453B60 /* Frameworks */ = {
			isa = PBXGroup;
			children = (
				36CE37E3FF75BBDC0DF875F2 /* Accelerate.framework */,
			);
			name = Frameworks;
			sourceTree = "<group>";
		};
		D5E05A6C15F402DE2A20B3BB /* Synth */ = {
			isa = PBXGroup;
			children = (
				5EC8025D09EE241120C506F1 /* LYSynthControls.swift */,
				8E8249E5B5CE85685DDD1A42 /* LYSynthEditor.swift */,
				2B03D44787926C50EA6A06C6 /* LYSynthFXPage.swift */,
				F9405C470F3A00F3CB1F2855 /* LYSynthInstrument.swift */,
				5A289B564195B5876C2AEE5D /* LYSynthLibrary.swift */,
				BE654E905CE837E5445AB214 /* LYSynthPages.swift */,
				6EFD5B0EE63778A738F5BBAA /* LYSynthPatch.swift */,
				CDD4ACCE1DB809DEB2FD7914 /* LYSynthVisuals.swift */,
				0618CFBCAE4DFCA5D4BA204B /* LYWavetableEditor.swift */,
			);
			path = Synth;
			sourceTree = "<group>";
		};
		DBBEA465A998CDDEAC4110FA /* Views */ = {
			isa = PBXGroup;
			children = (
				7D0C312174AA965DC7872AAE /* ArrangementView.swift */,
				513D2E0A410B83980A7B0903 /* ChannelStripInspector.swift */,
				7B5A010271292EDECA656A29 /* DrumKitSequencerVisuals.swift */,
				24183797B508D69982E65468 /* DrumSoundBrowser.swift */,
				05C3A9FF391869346BFAFED1 /* FXWindowHost.swift */,
				D58289C4D0CEE2BB6D1E5268 /* WorkspaceView.swift */,
			);
			path = Views;
			sourceTree = "<group>";
		};
		E2D8A290EA9475CB51BA354E /* Theme */ = {
			isa = PBXGroup;
			children = (
				8D80641FB01504BDFF2D6E83 /* FontRegistrar.swift */,
				F088CDEC96A8952CA5A2AEC8 /* LYLLTHTheme.swift */,
				F8138DCA1A91395B53951A82 /* LYScroller.swift */,
			);
			path = Theme;
			sourceTree = "<group>";
		};
		E5608A2A3E1F97D7BA44E634 /* LYLLTH */ = {
			isa = PBXGroup;
			children = (
				A3622C427AB836F95F83FB66 /* Assets.xcassets */,
				1F14758F6049E1F10613908E /* Info.plist */,
				A1957573B0E550787521E811 /* LYLLTH.entitlements */,
				CDF2943D40AB3BDEC33CF4EC /* LYLLTHApp.swift */,
				F69CF9D8A42990C09A6077A6 /* Audio */,
				C16D0DEE10F19F705FDF7C1B /* DrumKitShared */,
				6EABB5D49C503BD1666E4A91 /* Models */,
				A43D261B3252B9EC7CE2F875 /* Resources */,
				D5E05A6C15F402DE2A20B3BB /* Synth */,
				0C739C76EDCA56F1942BF238 /* SynthCore */,
				E2D8A290EA9475CB51BA354E /* Theme */,
				DBBEA465A998CDDEAC4110FA /* Views */,
			);
			path = LYLLTH;
			sourceTree = "<group>";
		};
		F69CF9D8A42990C09A6077A6 /* Audio */ = {
			isa = PBXGroup;
			children = (
				EC518B98C5E542E07745D166 /* AudioEngineController.swift */,
				90BF7073365CA38A142C3FA5 /* AudioUnitCatalog.swift */,
				F548D526F8DC778B1DCD460A /* FXRack.swift */,
				26A43024412B8FC79FFECBA7 /* LYBounce.swift */,
				6917A8C3DCB7971E1B412205 /* LYDrumSounds.swift */,
				03B43134989E942D54830A3A /* LYMIDIInput.swift */,
				16D07685D250C91B37E5CD8F /* LYRecorder.swift */,
				67535C49D147B10E190ACCD8 /* TimelinePlayback.swift */,
			);
			path = Audio;
			sourceTree = "<group>";
		};
/* End PBXGroup section */

/* Begin PBXNativeTarget section */
		0C49A6CE6FF0DFCED6957ED1 /* LYLLTHTests */ = {
			isa = PBXNativeTarget;
			buildConfigurationList = 14DE57CE3ECF42DF53DBD3EC /* Build configuration list for PBXNativeTarget "LYLLTHTests" */;
			buildPhases = (
				BA361C9CFDA8F1A5359B5BE6 /* Sources */,
				D66900FB63ABFCF04DC3D728 /* Resources */,
			);
			buildRules = (
			);
			dependencies = (
				3EFDABAD432E94B0A98F1478 /* PBXTargetDependency */,
			);
			name = LYLLTHTests;
			packageProductDependencies = (
			);
			productName = LYLLTHTests;
			productReference = 960F211F505A6A045668116C /* LYLLTHTests.xctest */;
			productType = "com.apple.product-type.bundle.unit-test";
		};
		26929814AE213AE5513C6D36 /* LYLLTH */ = {
			isa = PBXNativeTarget;
			buildConfigurationList = B9E4BACCD5B23E91ADEB7BD3 /* Build configuration list for PBXNativeTarget "LYLLTH" */;
			buildPhases = (
				F16727897211EF96E117327D /* Sources */,
				B98CE6324B07D2228E4AD739 /* Resources */,
				CDE0433D07E39ED6E444AE9D /* Frameworks */,
			);
			buildRules = (
			);
			dependencies = (
			);
			name = LYLLTH;
			packageProductDependencies = (
				167D8076867A0FD15A3749D3 /* NightshapeAudioEngine */,
			);
			productName = LYLLTH;
			productReference = 35CE53FE7A1928E34EFCCC92 /* LYLLTH.app */;
			productType = "com.apple.product-type.application";
		};
/* End PBXNativeTarget section */

/* Begin PBXProject section */
		C7C43796E74D4EA3417CDB36 /* Project object */ = {
			isa = PBXProject;
			attributes = {
				BuildIndependentTargetsInParallel = YES;
				LastUpgradeCheck = 1430;
				TargetAttributes = {
					26929814AE213AE5513C6D36 = {
						ProvisioningStyle = Automatic;
					};
				};
			};
			buildConfigurationList = 940678BEB84464A91AC6C103 /* Build configuration list for PBXProject "LYLLTH" */;
			developmentRegion = en;
			hasScannedForEncodings = 0;
			knownRegions = (
				Base,
				en,
			);
			mainGroup = 316CA0BA6DF09C2F108155C1;
			minimizedProjectReferenceProxies = 1;
			packageReferences = (
				1F8B1A065E42BD6AAFD02173 /* XCLocalSwiftPackageReference "../nightshape-drumkit-ios/NightshapeAudioEngine" */,
			);
			preferredProjectObjectVersion = 77;
			productRefGroup = 0E7EF4FA1A9AE3442B86B6DD /* Products */;
			projectDirPath = "";
			projectRoot = "";
			targets = (
				26929814AE213AE5513C6D36 /* LYLLTH */,
				0C49A6CE6FF0DFCED6957ED1 /* LYLLTHTests */,
			);
		};
/* End PBXProject section */

/* Begin PBXResourcesBuildPhase section */
		B98CE6324B07D2228E4AD739 /* Resources */ = {
			isa = PBXResourcesBuildPhase;
			buildActionMask = 2147483647;
			files = (
				55B23E27BAAC6FC150BBEC20 /* Adam-Bold.ttf in Resources */,
				6E98A0974A6201257826EF93 /* Adam-Light.ttf in Resources */,
				DF259391AE2D20D1A6B9B323 /* Adam-Medium.ttf in Resources */,
				632CEC6A18455A781C28C16B /* Assets.xcassets in Resources */,
				86D4A6B8E2C1420D201CD70E /* NIGHTSHAPE-Bold_Outline.ttf in Resources */,
				A3B2C9A6D7CCF44DEE0683CB /* Nightshape-Bold.ttf in Resources */,
			);
			runOnlyForDeploymentPostprocessing = 0;
		};
		D66900FB63ABFCF04DC3D728 /* Resources */ = {
			isa = PBXResourcesBuildPhase;
			buildActionMask = 2147483647;
			files = (
				2D66F4DD8DA2C43A7B698A1A /* CHARGED COMPANIONS.fkit in Resources */,
				68C4C8D21F4B9B47B08ECBFD /* NIGHT ENGINE.fkit in Resources */,
			);
			runOnlyForDeploymentPostprocessing = 0;
		};
/* End PBXResourcesBuildPhase section */

/* Begin PBXSourcesBuildPhase section */
		BA361C9CFDA8F1A5359B5BE6 /* Sources */ = {
			isa = PBXSourcesBuildPhase;
			buildActionMask = 2147483647;
			files = (
				4E5DD4763D49716F6035C534 /* BusRoutingTests.swift in Sources */,
				DFCE1678A800ACE606F90D11 /* FKitTests.swift in Sources */,
				7759F7B9F7F7186B3C840682 /* LUNATKTests.swift in Sources */,
				BEDFD504AE4AD5C9E2F9D00E /* SessionDocumentTests.swift in Sources */,
				162682C9152C4F5217FC0D04 /* SynthCoreTests.swift in Sources */,
				EFD5BBF99458A4F73ACC3359 /* SynthFeatureTests.swift in Sources */,
			);
			runOnlyForDeploymentPostprocessing = 0;
		};
		F16727897211EF96E117327D /* Sources */ = {
			isa = PBXSourcesBuildPhase;
			buildActionMask = 2147483647;
			files = (
				03F2A270049C0F2561F3DDA7 /* ArrangementView.swift in Sources */,
				C5FC2050CF73E1D9599F3518 /* AudioEngineController.swift in Sources */,
				7DF88DF9F126EE98522AAD31 /* AudioUnitCatalog.swift in Sources */,
				1F169417CEC23D5306D775ED /* ChannelStripInspector.swift in Sources */,
				B7937CF1156F2D4D5449C232 /* CompressorModels.swift in Sources */,
				B1123646A4225427ECE8197B /* CompressorWindowView.swift in Sources */,
				AB673A7B503D67D52EEC2E24 /* DrumKitRootShims.swift in Sources */,
				426BA90C5EE003358A9D6E10 /* DrumKitSequencerVisuals.swift in Sources */,
				C9669E21D8851AEC280A6749 /* DrumSoundBrowser.swift in Sources */,
				8FD0114398BD1F462E32E0FF /* EQEditOverlayView.swift in Sources */,
				F2B1793B2708C9009DAE7244 /* ExperimentalFXNavigation.swift in Sources */,
				A72727F891A861CF9EBE3149 /* FXRack.swift in Sources */,
				65C17AB3FAC85EBFA6A6433C /* FXWindowHost.swift in Sources */,
				43F41B9FECA4D8B43B63D747 /* FXWindowViews.swift in Sources */,
				B992E98617D36BDD7C5942BE /* FXWindowsMore.swift in Sources */,
				3904B2CD3898D951F670E9ED /* FilterPanelView.swift in Sources */,
				ECA8EDA23F1164FC2719CA0C /* FontRegistrar.swift in Sources */,
				F5073A5322475A1DCD36C06D /* LYBounce.swift in Sources */,
				7D1C76365E9E32FC85F2E8CD /* LYDrumSounds.swift in Sources */,
				443C769B4ED7E689BF291AFA /* LYFKit.swift in Sources */,
				865DADC7F42A9E3484ABCDAD /* LYLLTHApp.swift in Sources */,
				F3072584030C31119C4860C6 /* LYLLTHSessionDocument.swift in Sources */,
				0CEC7DBA1215E7248215069A /* LYLLTHTheme.swift in Sources */,
				5D4D320FC8AA37F75BCA3B31 /* LYMIDIInput.swift in Sources */,
				F3B64D71CED48EEFD02691B4 /* LYRecorder.swift in Sources */,
				1100D2673739C29C697A2403 /* LYScroller.swift in Sources */,
				7AAEF9D68A52E5362904BFAA /* LYSynthControls.swift in Sources */,
				030D70F445C8B64626C87ACB /* LYSynthCore.cpp in Sources */,
				8CEA08B2D479F0190698CA5C /* LYSynthEditor.swift in Sources */,
				2B0E806B86EC35725F476C95 /* LYSynthFXPage.swift in Sources */,
				412158E31F5D815A57A5E577 /* LYSynthInstrument.swift in Sources */,
				9AB195A56B1DC6168799741C /* LYSynthLibrary.swift in Sources */,
				67DE335921D0A0627510E076 /* LYSynthPages.swift in Sources */,
				71DD0860BC3BEA2D486A2662 /* LYSynthPatch.swift in Sources */,
				B63626ABA24F747B3810394F /* LYSynthVisuals.swift in Sources */,
				9CEC9247F9086363A88353A1 /* LYWavetableEditor.swift in Sources */,
				BEF12851075EA3C677715CCD /* NightshapeTheme+macOS.swift in Sources */,
				F2182A2AF3D1917E59FE6119 /* ParameterResetTap.swift in Sources */,
				1EB9AE99B706B7D1C2A6211B /* ReverbModels.swift in Sources */,
				00CD8A9C08C13F42A6624EDB /* SequencerModels.swift in Sources */,
				C619A497E1A0A6EEAEC62A38 /* SessionModels.swift in Sources */,
				E6AFE555883CC0E0E74FA6D0 /* SignalBloomModels.swift in Sources */,
				8294D8BFBBA557ED35152BE3 /* TimelinePlayback.swift in Sources */,
				CE3B4B50242937A2DCF7A2C6 /* TransportDisplayState.swift in Sources */,
				6F3A38A7891F6397397D6048 /* WorkspaceView.swift in Sources */,
				E239CC267EFBF4CF608C5B32 /* ZipArchiveReader.swift in Sources */,
				DA3AB96313DF53330ACB9F02 /* ZipArchiveWriter.swift in Sources */,
			);
			runOnlyForDeploymentPostprocessing = 0;
		};
/* End PBXSourcesBuildPhase section */

/* Begin PBXTargetDependency section */
		3EFDABAD432E94B0A98F1478 /* PBXTargetDependency */ = {
			isa = PBXTargetDependency;
			target = 26929814AE213AE5513C6D36 /* LYLLTH */;
			targetProxy = FDFEA3E4D80AEE38DA1ABCEE /* PBXContainerItemProxy */;
		};
/* End PBXTargetDependency section */

/* Begin XCBuildConfiguration section */
		39ADDC7950BC8D43A3FDF1BF /* Debug */ = {
			isa = XCBuildConfiguration;
			buildSettings = {
				ASSETCATALOG_COMPILER_APPICON_NAME = AppIcon;
				CLANG_CXX_LANGUAGE_STANDARD = "c++17";
				CODE_SIGN_ENTITLEMENTS = LYLLTH/LYLLTH.entitlements;
				CODE_SIGN_STYLE = Automatic;
				COMBINE_HIDPI_IMAGES = YES;
				ENABLE_HARDENED_RUNTIME = YES;
				INFOPLIST_FILE = LYLLTH/Info.plist;
				LD_RUNPATH_SEARCH_PATHS = (
					"$(inherited)",
					"@executable_path/../Frameworks",
				);
				MACOSX_DEPLOYMENT_TARGET = 14.0;
				PRODUCT_BUNDLE_IDENTIFIER = net.nightshape.lyllth;
				PRODUCT_NAME = LYLLTH;
				SDKROOT = macosx;
				SWIFT_OBJC_BRIDGING_HEADER = "LYLLTH/SynthCore/LYLLTH-Bridging-Header.h";
				SWIFT_VERSION = 5.0;
			};
			name = Debug;
		};
		60253A43A3B8BDDA3DD3ABB1 /* Release */ = {
			isa = XCBuildConfiguration;
			buildSettings = {
				ASSETCATALOG_COMPILER_APPICON_NAME = AppIcon;
				CLANG_CXX_LANGUAGE_STANDARD = "c++17";
				CODE_SIGN_ENTITLEMENTS = LYLLTH/LYLLTH.entitlements;
				CODE_SIGN_STYLE = Automatic;
				COMBINE_HIDPI_IMAGES = YES;
				ENABLE_HARDENED_RUNTIME = YES;
				INFOPLIST_FILE = LYLLTH/Info.plist;
				LD_RUNPATH_SEARCH_PATHS = (
					"$(inherited)",
					"@executable_path/../Frameworks",
				);
				MACOSX_DEPLOYMENT_TARGET = 14.0;
				PRODUCT_BUNDLE_IDENTIFIER = net.nightshape.lyllth;
				PRODUCT_NAME = LYLLTH;
				SDKROOT = macosx;
				SWIFT_OBJC_BRIDGING_HEADER = "LYLLTH/SynthCore/LYLLTH-Bridging-Header.h";
				SWIFT_VERSION = 5.0;
			};
			name = Release;
		};
		6A5F08B9835C9050F3359636 /* Release */ = {
			isa = XCBuildConfiguration;
			buildSettings = {
				BUNDLE_LOADER = "$(TEST_HOST)";
				COMBINE_HIDPI_IMAGES = YES;
				GENERATE_INFOPLIST_FILE = YES;
				LD_RUNPATH_SEARCH_PATHS = (
					"$(inherited)",
					"@executable_path/../Frameworks",
					"@loader_path/../Frameworks",
				);
				MACOSX_DEPLOYMENT_TARGET = 14.0;
				PRODUCT_BUNDLE_IDENTIFIER = net.nightshape.lyllth.tests;
				SDKROOT = macosx;
				TEST_HOST = "$(BUILT_PRODUCTS_DIR)/LYLLTH.app/Contents/MacOS/LYLLTH";
			};
			name = Release;
		};
		A8753D6BFFFF4CD56C70438D /* Debug */ = {
			isa = XCBuildConfiguration;
			buildSettings = {
				ALWAYS_SEARCH_USER_PATHS = NO;
				CLANG_ANALYZER_NONNULL = YES;
				CLANG_ANALYZER_NUMBER_OBJECT_CONVERSION = YES_AGGRESSIVE;
				CLANG_CXX_LANGUAGE_STANDARD = "gnu++14";
				CLANG_CXX_LIBRARY = "libc++";
				CLANG_ENABLE_MODULES = YES;
				CLANG_ENABLE_OBJC_ARC = YES;
				CLANG_ENABLE_OBJC_WEAK = YES;
				CLANG_WARN_BLOCK_CAPTURE_AUTORELEASING = YES;
				CLANG_WARN_BOOL_CONVERSION = YES;
				CLANG_WARN_COMMA = YES;
				CLANG_WARN_CONSTANT_CONVERSION = YES;
				CLANG_WARN_DEPRECATED_OBJC_IMPLEMENTATIONS = YES;
				CLANG_WARN_DIRECT_OBJC_ISA_USAGE = YES_ERROR;
				CLANG_WARN_DOCUMENTATION_COMMENTS = YES;
				CLANG_WARN_EMPTY_BODY = YES;
				CLANG_WARN_ENUM_CONVERSION = YES;
				CLANG_WARN_INFINITE_RECURSION = YES;
				CLANG_WARN_INT_CONVERSION = YES;
				CLANG_WARN_NON_LITERAL_NULL_CONVERSION = YES;
				CLANG_WARN_OBJC_IMPLICIT_RETAIN_SELF = YES;
				CLANG_WARN_OBJC_LITERAL_CONVERSION = YES;
				CLANG_WARN_OBJC_ROOT_CLASS = YES_ERROR;
				CLANG_WARN_QUOTED_INCLUDE_IN_FRAMEWORK_HEADER = YES;
				CLANG_WARN_RANGE_LOOP_ANALYSIS = YES;
				CLANG_WARN_STRICT_PROTOTYPES = YES;
				CLANG_WARN_SUSPICIOUS_MOVE = YES;
				CLANG_WARN_UNGUARDED_AVAILABILITY = YES_AGGRESSIVE;
				CLANG_WARN_UNREACHABLE_CODE = YES;
				CLANG_WARN__DUPLICATE_METHOD_MATCH = YES;
				COPY_PHASE_STRIP = NO;
				DEBUG_INFORMATION_FORMAT = dwarf;
				ENABLE_STRICT_OBJC_MSGSEND = YES;
				ENABLE_TESTABILITY = YES;
				GCC_C_LANGUAGE_STANDARD = gnu11;
				GCC_DYNAMIC_NO_PIC = NO;
				GCC_NO_COMMON_BLOCKS = YES;
				GCC_OPTIMIZATION_LEVEL = 0;
				GCC_PREPROCESSOR_DEFINITIONS = (
					"$(inherited)",
					"DEBUG=1",
				);
				GCC_WARN_64_TO_32_BIT_CONVERSION = YES;
				GCC_WARN_ABOUT_RETURN_TYPE = YES_ERROR;
				GCC_WARN_UNDECLARED_SELECTOR = YES;
				GCC_WARN_UNINITIALIZED_AUTOS = YES_AGGRESSIVE;
				GCC_WARN_UNUSED_FUNCTION = YES;
				GCC_WARN_UNUSED_VARIABLE = YES;
				MACOSX_DEPLOYMENT_TARGET = 14.0;
				MTL_ENABLE_DEBUG_INFO = INCLUDE_SOURCE;
				MTL_FAST_MATH = YES;
				ONLY_ACTIVE_ARCH = YES;
				PRODUCT_NAME = "$(TARGET_NAME)";
				SDKROOT = macosx;
				SWIFT_ACTIVE_COMPILATION_CONDITIONS = DEBUG;
				SWIFT_OPTIMIZATION_LEVEL = "-Onone";
				SWIFT_VERSION = 5.0;
			};
			name = Debug;
		};
		F1BBAE5AB3B17C40EF05CF25 /* Debug */ = {
			isa = XCBuildConfiguration;
			buildSettings = {
				BUNDLE_LOADER = "$(TEST_HOST)";
				COMBINE_HIDPI_IMAGES = YES;
				GENERATE_INFOPLIST_FILE = YES;
				LD_RUNPATH_SEARCH_PATHS = (
					"$(inherited)",
					"@executable_path/../Frameworks",
					"@loader_path/../Frameworks",
				);
				MACOSX_DEPLOYMENT_TARGET = 14.0;
				PRODUCT_BUNDLE_IDENTIFIER = net.nightshape.lyllth.tests;
				SDKROOT = macosx;
				TEST_HOST = "$(BUILT_PRODUCTS_DIR)/LYLLTH.app/Contents/MacOS/LYLLTH";
			};
			name = Debug;
		};
		FFBD3C1F0DFFB7259D9A35BB /* Release */ = {
			isa = XCBuildConfiguration;
			buildSettings = {
				ALWAYS_SEARCH_USER_PATHS = NO;
				CLANG_ANALYZER_NONNULL = YES;
				CLANG_ANALYZER_NUMBER_OBJECT_CONVERSION = YES_AGGRESSIVE;
				CLANG_CXX_LANGUAGE_STANDARD = "gnu++14";
				CLANG_CXX_LIBRARY = "libc++";
				CLANG_ENABLE_MODULES = YES;
				CLANG_ENABLE_OBJC_ARC = YES;
				CLANG_ENABLE_OBJC_WEAK = YES;
				CLANG_WARN_BLOCK_CAPTURE_AUTORELEASING = YES;
				CLANG_WARN_BOOL_CONVERSION = YES;
				CLANG_WARN_COMMA = YES;
				CLANG_WARN_CONSTANT_CONVERSION = YES;
				CLANG_WARN_DEPRECATED_OBJC_IMPLEMENTATIONS = YES;
				CLANG_WARN_DIRECT_OBJC_ISA_USAGE = YES_ERROR;
				CLANG_WARN_DOCUMENTATION_COMMENTS = YES;
				CLANG_WARN_EMPTY_BODY = YES;
				CLANG_WARN_ENUM_CONVERSION = YES;
				CLANG_WARN_INFINITE_RECURSION = YES;
				CLANG_WARN_INT_CONVERSION = YES;
				CLANG_WARN_NON_LITERAL_NULL_CONVERSION = YES;
				CLANG_WARN_OBJC_IMPLICIT_RETAIN_SELF = YES;
				CLANG_WARN_OBJC_LITERAL_CONVERSION = YES;
				CLANG_WARN_OBJC_ROOT_CLASS = YES_ERROR;
				CLANG_WARN_QUOTED_INCLUDE_IN_FRAMEWORK_HEADER = YES;
				CLANG_WARN_RANGE_LOOP_ANALYSIS = YES;
				CLANG_WARN_STRICT_PROTOTYPES = YES;
				CLANG_WARN_SUSPICIOUS_MOVE = YES;
				CLANG_WARN_UNGUARDED_AVAILABILITY = YES_AGGRESSIVE;
				CLANG_WARN_UNREACHABLE_CODE = YES;
				CLANG_WARN__DUPLICATE_METHOD_MATCH = YES;
				COPY_PHASE_STRIP = NO;
				DEBUG_INFORMATION_FORMAT = "dwarf-with-dsym";
				ENABLE_NS_ASSERTIONS = NO;
				ENABLE_STRICT_OBJC_MSGSEND = YES;
				GCC_C_LANGUAGE_STANDARD = gnu11;
				GCC_NO_COMMON_BLOCKS = YES;
				GCC_WARN_64_TO_32_BIT_CONVERSION = YES;
				GCC_WARN_ABOUT_RETURN_TYPE = YES_ERROR;
				GCC_WARN_UNDECLARED_SELECTOR = YES;
				GCC_WARN_UNINITIALIZED_AUTOS = YES_AGGRESSIVE;
				GCC_WARN_UNUSED_FUNCTION = YES;
				GCC_WARN_UNUSED_VARIABLE = YES;
				MACOSX_DEPLOYMENT_TARGET = 14.0;
				MTL_ENABLE_DEBUG_INFO = NO;
				MTL_FAST_MATH = YES;
				PRODUCT_NAME = "$(TARGET_NAME)";
				SDKROOT = macosx;
				SWIFT_COMPILATION_MODE = wholemodule;
				SWIFT_OPTIMIZATION_LEVEL = "-O";
				SWIFT_VERSION = 5.0;
			};
			name = Release;
		};
/* End XCBuildConfiguration section */

/* Begin XCConfigurationList section */
		14DE57CE3ECF42DF53DBD3EC /* Build configuration list for PBXNativeTarget "LYLLTHTests" */ = {
			isa = XCConfigurationList;
			buildConfigurations = (
				F1BBAE5AB3B17C40EF05CF25 /* Debug */,
				6A5F08B9835C9050F3359636 /* Release */,
			);
			defaultConfigurationIsVisible = 0;
			defaultConfigurationName = Debug;
		};
		940678BEB84464A91AC6C103 /* Build configuration list for PBXProject "LYLLTH" */ = {
			isa = XCConfigurationList;
			buildConfigurations = (
				A8753D6BFFFF4CD56C70438D /* Debug */,
				FFBD3C1F0DFFB7259D9A35BB /* Release */,
			);
			defaultConfigurationIsVisible = 0;
			defaultConfigurationName = Debug;
		};
		B9E4BACCD5B23E91ADEB7BD3 /* Build configuration list for PBXNativeTarget "LYLLTH" */ = {
			isa = XCConfigurationList;
			buildConfigurations = (
				39ADDC7950BC8D43A3FDF1BF /* Debug */,
				60253A43A3B8BDDA3DD3ABB1 /* Release */,
			);
			defaultConfigurationIsVisible = 0;
			defaultConfigurationName = Debug;
		};
/* End XCConfigurationList section */

/* Begin XCLocalSwiftPackageReference section */
		1F8B1A065E42BD6AAFD02173 /* XCLocalSwiftPackageReference "../nightshape-drumkit-ios/NightshapeAudioEngine" */ = {
			isa = XCLocalSwiftPackageReference;
			relativePath = "../nightshape-drumkit-ios/NightshapeAudioEngine";
		};
/* End XCLocalSwiftPackageReference section */

/* Begin XCSwiftPackageProductDependency section */
		167D8076867A0FD15A3749D3 /* NightshapeAudioEngine */ = {
			isa = XCSwiftPackageProductDependency;
			productName = NightshapeAudioEngine;
		};
/* End XCSwiftPackageProductDependency section */
	};
	rootObject = C7C43796E74D4EA3417CDB36 /* Project object */;
}
